
Microsoft Visual Studio Solution File, Format Version 12.00
# Visual Studio Version 17
VisualStudioVersion = 17.0.32126.317
MinimumVisualStudioVersion = 10.0.40219.1
Project("{9A19103F-16F7-4668-BE54-9A1E7A4F7556}") = "MagicOnion.Solution", "MagicOnion.Solution\MagicOnion.Solution.csproj", "{0985A0CA-F7AE-460B-B9C4-89D07555BA7B}"
EndProject
Project("{9A19103F-16F7-4668-BE54-9A1E7A4F7556}") = "Shared", "Shared\Shared.csproj", "{795B0098-EFA8-4998-B086-C523B290E888}"
EndProject
Project("{9A19103F-16F7-4668-BE54-9A1E7A4F7556}") = "Servers", "Servers\Servers.csproj", "{3D719260-00E0-4D21-9CE9-C7C1C1BDAE6A}"
EndProject
Project("{FAE04EC0-301F-11D3-BF4B-00C04F79EFBC}") = "App.Client", "App.Client\App.Client.csproj", "{F2CA32BD-28B1-4DAD-BA07-2BECDFEDBC7D}"
EndProject
Global
	GlobalSection(SolutionConfigurationPlatforms) = preSolution
		Debug|Any CPU = Debug|Any CPU
		Release|Any CPU = Release|Any CPU
	EndGlobalSection
	GlobalSection(ProjectConfigurationPlatforms) = postSolution
		{0985A0CA-F7AE-460B-B9C4-89D07555BA7B}.Debug|Any CPU.ActiveCfg = Debug|Any CPU
		{0985A0CA-F7AE-460B-B9C4-89D07555BA7B}.Debug|Any CPU.Build.0 = Debug|Any CPU
		{0985A0CA-F7AE-460B-B9C4-89D07555BA7B}.Release|Any CPU.ActiveCfg = Release|Any CPU
		{0985A0CA-F7AE-460B-B9C4-89D07555BA7B}.Release|Any CPU.Build.0 = Release|Any CPU
		{795B0098-EFA8-4998-B086-C523B290E888}.Debug|Any CPU.ActiveCfg = Debug|Any CPU
		{795B0098-EFA8-4998-B086-C523B290E888}.Debug|Any CPU.Build.0 = Debug|Any CPU
		{795B0098-EFA8-4998-B086-C523B290E888}.Release|Any CPU.ActiveCfg = Release|Any CPU
		{795B0098-EFA8-4998-B086-C523B290E888}.Release|Any CPU.Build.0 = Release|Any CPU
		{3D719260-00E0-4D21-9CE9-C7C1C1BDAE6A}.Debug|Any CPU.ActiveCfg = Debug|Any CPU
		{3D719260-00E0-4D21-9CE9-C7C1C1BDAE6A}.Debug|Any CPU.Build.0 = Debug|Any CPU
		{3D719260-00E0-4D21-9CE9-C7C1C1BDAE6A}.Release|Any CPU.ActiveCfg = Release|Any CPU
		{3D719260-00E0-4D21-9CE9-C7C1C1BDAE6A}.Release|Any CPU.Build.0 = Release|Any CPU
		{F2CA32BD-28B1-4DAD-BA07-2BECDFEDBC7D}.Debug|Any CPU.ActiveCfg = Debug|Any CPU
		{F2CA32BD-28B1-4DAD-BA07-2BECDFEDBC7D}.Debug|Any CPU.Build.0 = Debug|Any CPU
		{F2CA32BD-28B1-4DAD-BA07-2BECDFEDBC7D}.Release|Any CPU.ActiveCfg = Release|Any CPU
		{F2CA32BD-28B1-4DAD-BA07-2BECDFEDBC7D}.Release|Any CPU.Build.0 = Release|Any CPU
	EndGlobalSection
	GlobalSection(SolutionProperties) = preSolution
		HideSolutionNode = FALSE
	EndGlobalSection
	GlobalSection(ExtensibilityGlobals) = postSolution
		SolutionGuid = {08D47DBE-8B8B-438C-A0F7-5B58D8DE2AB3}
	EndGlobalSection
EndGlobal
